agentql==1.19.0
    # via -r requirements.txt
ag-ui-a2ui-toolkit==0.0.4
    # via ag-ui-langgraph
ag-ui-langgraph==0.0.46
    # via -r requirements.txt
ag-ui-protocol==1.0.0
    # via
    #   ag-ui-a2ui-toolkit
    #   ag-ui-langgraph
aiofiles==25.1.0
    # via
    #   agentql
    #   bubus
aiohappyeyeballs==2.7.1
    # via aiohttp
aiohttp==3.14.3
    # via
    #   -r requirements.txt
    #   langchain-community
    #   langchain-google-community
aiosignal==1.4.0
    # via aiohttp
alembic==1.20.0
    # via -r requirements.txt
annotated-doc==0.0.5
    # via
    #   fastapi
    #   typer
annotated-types==0.8.0
    # via pydantic
anthropic==1.11.0
    # via langchain-anthropic
anyio==4.15.1
    # via
    #   anthropic
    #   bubus
    #   google-genai
    #   groq
    #   httpx
    #   httpx2
    #   langsmith
    #   mcp
    #   openai
    #   sse-starlette
    #   starlette
    #   watchfiles
asyncpg==0.31.0
    # via
    #   -r requirements.txt
    #   langchain-postgres
attrs==26.1.0
    # via
    #   aiohttp
    #   jsonschema
    #   referencing
backoff==2.2.1
    # via posthog
bandit==1.9.4
    # via -r requirements.txt
beautifulsoup4==4.15.0
    # via
    #   -r requirements.txt
    #   markdownify
black==26.5.1
    # via -r requirements.txt
browser-use-sdk==3.11.3
    # via -r requirements.txt
bubus==1.5.6
    # via -r requirements.txt
cdp-use==1.4.5
    # via -r requirements.txt
certifi==2026.7.22
    # via
    #   httpcore
    #   httpx
    #   langchain-openai
    #   requests
cffi==2.1.1 ; platform_python_implementation != 'PyPy'
    # via cryptography
charset-normalizer==3.5.2
    # via
    #   reportlab
    #   requests
click==8.5.0
    # via
    #   black
    #   uvicorn
cloudpickle==3.1.2
    # via -r requirements.txt
colorama==0.4.6
    # via
    #   agentql
    #   bandit
    #   pytest
    #   typer
coverage==7.16.2
    # via -r requirements.txt
cryptography==50.0.2
    # via
    #   -r requirements.txt
    #   google-auth
    #   pyjwt
cython==3.3.0 ; sys_platform == 'darwin'
    # via screeninfo
defusedxml==0.7.1
    # via -r requirements.txt
deprecated==3.0.0
    # via limits
distro==1.9.0
    # via
    #   google-genai
    #   groq
    #   langsmith
    #   posthog
dnspython==2.8.0
    # via
    #   -r requirements.txt
    #   email-validator
docstring-parser==0.18.0
    # via anthropic
email-validator==2.3.0
    # via -r requirements.txt
fake-http-header==0.3.5
    # via tf-playwright-stealth
fakeredis==2.38.0
    # via -r requirements.txt
fastapi==0.142.2
    # via -r requirements.txt
filetype==1.2.0
    # via langchain-google-genai
frozenlist==1.8.0
    # via
    #   aiohttp
    #   aiosignal
google-api-core==2.40.0
    # via
    #   google-api-python-client
    #   google-cloud-core
    #   google-cloud-modelarmor
    #   langchain-google-community
google-api-python-client==2.201.0
    # via
    #   -r requirements.txt
    #   langchain-google-community
google-auth==2.59.1
    # via
    #   google-api-core
    #   google-api-python-client
    #   google-auth-httplib2
    #   google-auth-oauthlib
    #   google-cloud-core
    #   google-cloud-modelarmor
    #   google-genai
google-auth-httplib2==0.4.3
    # via google-api-python-client
google-auth-oauthlib==1.5.0
    # via -r requirements.txt
google-cloud-core==2.8.0
    # via langchain-google-community
google-cloud-modelarmor==0.7.1
    # via langchain-google-community
google-genai==2.26.0
    # via langchain-google-genai
googleapis-common-protos==1.75.5
    # via
    #   google-api-core
    #   grpcio-status
greenlet==3.5.6
    # via
    #   playwright
    #   sqlalchemy
groq==1.7.0
    # via -r requirements.txt
grpcio==1.84.0
    # via
    #   google-api-core
    #   google-cloud-modelarmor
    #   grpcio-status
    #   langchain-google-community
grpcio-status==1.84.0
    # via google-api-core
h11==0.16.0
    # via
    #   httpcore
    #   httpcore2
    #   uvicorn
h2==4.4.1
    # via -r requirements.txt
hpack==4.2.0
    # via h2
httpcore==1.0.9
    # via httpx
httpcore2==2.13.1 ; sys_platform != 'emscripten'
    # via httpx2
httplib2==0.32.0
    # via
    #   -r requirements.txt
    #   google-api-python-client
    #   google-auth-httplib2
httptools==0.8.0
    # via uvicorn
httpx==0.28.1
    # via
    #   -r requirements.txt
    #   agentql
    #   browser-use-sdk
    #   cdp-use
    #   google-genai
    #   groq
    #   langchain-core
    #   langgraph-sdk
    #   mcp
    #   ollama
    #   youtube-search-python
httpx-sse==0.4.3
    # via
    #   langchain-community
    #   mcp
httpx2==2.13.1
    # via
    #   anthropic
    #   langsmith
    #   openai
httpx2-jsfetch==1.0 ; sys_platform == 'emscripten'
    # via httpx2
hyperframe==6.1.0
    # via h2
hypothesis==6.168.3
    # via -r requirements.txt
idna==3.18
    # via
    #   anyio
    #   browser-use-sdk
    #   email-validator
    #   httpx
    #   httpx2
    #   requests
    #   yarl
iniconfig==2.3.0
    # via pytest
inquirerpy==0.3.4
    # via -r requirements.txt
jiter==0.17.0
    # via
    #   anthropic
    #   openai
jsonpatch==1.33
    # via langchain-core
jsonpointer==3.1.1
    # via jsonpatch
jsonschema==4.26.0
    # via
    #   -c constraints.txt
    #   -r requirements.txt
    #   mcp
jsonschema-specifications==2025.9.1
    # via jsonschema
langchain==1.4.3
    # via
    #   -c constraints.txt
    #   -r requirements.txt
    #   langchain-google-community
langchain-anthropic==1.7.5
    # via
    #   -c constraints.txt
    #   -r requirements.txt
langchain-classic==1.0.8
    # via langchain-community
langchain-community==0.4.2
    # via
    #   -c constraints.txt
    #   -r requirements.txt
langchain-core==1.6.6
    # via
    #   -c constraints.txt
    #   -r requirements.txt
    #   langchain
    #   langchain-anthropic
    #   langchain-classic
    #   langchain-community
    #   langchain-google-community
    #   langchain-google-genai
    #   langchain-ollama
    #   langchain-openai
    #   langchain-postgres
    #   langchain-text-splitters
    #   langgraph
    #   langgraph-checkpoint
    #   langgraph-prebuilt
    #   langgraph-sdk
langchain-google-community==5.0.0
    # via
    #   -c constraints.txt
    #   -r requirements.txt
langchain-google-genai==4.4.0
    # via
    #   -c constraints.txt
    #   -r requirements.txt
langchain-ollama==1.1.0
    # via
    #   -c constraints.txt
    #   -r requirements.txt
langchain-openai==1.6.7
    # via
    #   -c constraints.txt
    #   -r requirements.txt
langchain-postgres==0.0.18
    # via -r requirements.txt
langchain-protocol==0.0.19
    # via
    #   langchain-core
    #   langgraph-sdk
langchain-text-splitters==1.1.2
    # via
    #   -c constraints.txt
    #   langchain-classic
langgraph==1.2.12
    # via
    #   -c constraints.txt
    #   -r requirements.txt
    #   langchain
    #   langchain-google-community
langgraph-checkpoint==4.2.0
    # via
    #   -c constraints.txt
    #   langgraph
    #   langgraph-prebuilt
langgraph-prebuilt==1.1.0
    # via langgraph
langgraph-sdk==0.4.5
    # via
    #   -c constraints.txt
    #   langgraph
langsmith==0.14.2
    # via
    #   langchain-classic
    #   langchain-community
    #   langchain-core
limits==5.8.0
    # via slowapi
lxml==6.1.3
    # via python-docx
mako==1.4.3
    # via alembic
markdown-it-py==4.2.0
    # via rich
markdownify==1.2.3
    # via -r requirements.txt
markupsafe==3.0.3
    # via mako
mcp==1.30.0
    # via -r requirements.txt
mdurl==0.1.2
    # via markdown-it-py
multidict==6.9.1
    # via
    #   aiohttp
    #   yarl
mypy-extensions==1.1.0
    # via black
nexus-rpc==1.4.0
    # via temporalio
numpy==2.5.3
    # via
    #   -r requirements.txt
    #   langchain-community
    #   langchain-google-community
    #   langchain-postgres
    #   pandas
    #   pgvector
oauthlib==4.0.0
    # via requests-oauthlib
ollama==0.6.3
    # via
    #   -r requirements.txt
    #   langchain-ollama
openai==3.22.1
    # via
    #   -r requirements.txt
    #   langchain-openai
opentelemetry-api==1.45.0
    # via
    #   fastapi
    #   google-api-core
orjson==3.12.0
    # via
    #   langgraph-sdk
    #   langsmith
ormsgpack==1.12.2
    # via langgraph-checkpoint
packaging==26.3
    # via
    #   black
    #   langchain-core
    #   langsmith
    #   limits
    #   pytest
pandas==2.3.3
    # via -r requirements.txt
pathspec==1.1.1
    # via black
pfzy==0.3.4
    # via inquirerpy
pgvector==0.3.6
    # via
    #   -r requirements.txt
    #   langchain-postgres
pillow==12.3.0
    # via
    #   -r requirements.txt
    #   reportlab
platformdirs==4.12.2
    # via black
playwright==1.63.0
    # via
    #   -r requirements.txt
    #   agentql
    #   pytest-playwright
    #   tf-playwright-stealth
pluggy==1.6.0
    # via pytest
portalocker==4.4.0
    # via bubus
posthog==7.61.1
    # via -r requirements.txt
prompt-toolkit==3.0.53
    # via inquirerpy
propcache==0.5.4
    # via
    #   aiohttp
    #   yarl
proto-plus==1.29.0
    # via
    #   google-api-core
    #   google-cloud-modelarmor
protobuf==7.36.2
    # via
    #   google-api-core
    #   google-cloud-modelarmor
    #   googleapis-common-protos
    #   grpcio-status
    #   proto-plus
    #   temporalio
psutil==7.2.2
    # via -r requirements.txt
psycopg==3.3.6
    # via
    #   -r requirements.txt
    #   langchain-postgres
psycopg-binary==3.3.6 ; implementation_name != 'pypy'
    # via psycopg
psycopg-pool==3.3.3
    # via langchain-postgres
pyasn1==0.6.4
    # via pyasn1-modules
pyasn1-modules==0.4.2
    # via google-auth
pycparser==3.0 ; implementation_name != 'PyPy' and platform_python_implementation != 'PyPy'
    # via cffi
pydantic==2.13.4
    # via
    #   -r requirements.txt
    #   agentql
    #   anthropic
    #   browser-use-sdk
    #   bubus
    #   fastapi
    #   google-genai
    #   groq
    #   langchain
    #   langchain-anthropic
    #   langchain-classic
    #   langchain-core
    #   langchain-google-genai
    #   langgraph
    #   langsmith
    #   mcp
    #   ollama
    #   openai
    #   pydantic-settings
pydantic-core==2.46.4
    # via pydantic
pydantic-settings==2.15.0
    # via
    #   -r requirements.txt
    #   langchain-community
    #   mcp
pyee==13.0.1
    # via playwright
pygments==2.21.0
    # via
    #   agentql
    #   pytest
    #   rich
pyjwt==2.15.1
    # via
    #   -r requirements.txt
    #   mcp
pymupdf==1.28.2
    # via -r requirements.txt
pyobjc-core==12.2.2 ; sys_platform == 'darwin'
    # via pyobjc-framework-cocoa
pyobjc-framework-cocoa==12.2.2 ; sys_platform == 'darwin'
    # via screeninfo
pyotp==2.10.0
    # via -r requirements.txt
pyparsing==3.3.3
    # via httplib2
pypdf==6.19.0
    # via -r requirements.txt
pytest==9.1.1
    # via
    #   -r requirements.txt
    #   pytest-asyncio
    #   pytest-base-url
    #   pytest-mock
    #   pytest-playwright
    #   pytest-timeout
pytest-asyncio==1.4.0
    # via
    #   -r requirements.txt
    #   agentql
pytest-base-url==2.1.0
    # via pytest-playwright
pytest-mock==3.16.0
    # via -r requirements.txt
pytest-playwright==0.9.0
    # via -r requirements.txt
pytest-timeout==2.4.0
    # via -r requirements.txt
python-dateutil==2.9.0.post0
    # via pandas
python-docx==1.2.0
    # via -r requirements.txt
python-dotenv==1.2.4
    # via
    #   pydantic-settings
    #   uvicorn
python-multipart==0.0.32
    # via
    #   -r requirements.txt
    #   mcp
python-slugify==8.0.4
    # via pytest-playwright
pytokens==0.4.1
    # via black
pytz==2026.4
    # via pandas
pywin32==312 ; sys_platform == 'win32'
    # via mcp
pyyaml==6.0.3
    # via
    #   bandit
    #   langchain-classic
    #   langchain-community
    #   langchain-core
    #   uvicorn
redis==8.1.0
    # via
    #   -r requirements.txt
    #   fakeredis
referencing==0.37.0
    # via
    #   jsonschema
    #   jsonschema-specifications
regex==2026.9.29
    # via
    #   -r requirements.txt
    #   tiktoken
reportlab==5.0.1
    # via -r requirements.txt
requests==2.34.2
    # via
    #   -r requirements.txt
    #   agentql
    #   google-api-core
    #   google-auth
    #   google-genai
    #   langchain-classic
    #   langchain-community
    #   langchain-google-community
    #   langsmith
    #   posthog
    #   pytest-base-url
    #   requests-oauthlib
    #   requests-toolbelt
    #   resend
    #   tiktoken
requests-oauthlib==2.0.0
    # via google-auth-oauthlib
requests-toolbelt==1.0.0
    # via langsmith
resend==2.49.0
    # via -r requirements.txt
rich==15.0.0
    # via
    #   bandit
    #   typer
rpds-py==2026.6.3
    # via
    #   jsonschema
    #   referencing
ruff==0.16.9
    # via -r requirements.txt
screeninfo==0.8.1
    # via -r requirements.txt
setuptools==84.0.0
    # via -r requirements.txt
shellingham==1.5.4
    # via typer
six==1.17.0
    # via
    #   markdownify
    #   python-dateutil
slowapi==0.1.10
    # via -r requirements.txt
sniffio==1.3.1
    # via
    #   anthropic
    #   google-genai
    #   groq
    #   langsmith
    #   openai
sortedcontainers==2.4.0
    # via
    #   fakeredis
    #   hypothesis
soupsieve==2.10
    # via beautifulsoup4
sqlalchemy==2.1.1
    # via
    #   -r requirements.txt
    #   alembic
    #   langchain-classic
    #   langchain-community
    #   langchain-postgres
sse-starlette==3.5.0
    # via mcp
starlette==1.7.0
    # via
    #   fastapi
    #   mcp
    #   sse-starlette
stevedore==5.9.1
    # via bandit
temporalio==1.34.0
    # via -r requirements.txt
tenacity==9.1.4
    # via
    #   google-genai
    #   langchain-community
    #   langchain-core
text-unidecode==1.3
    # via python-slugify
tf-playwright-stealth==1.2.0
    # via agentql
tiktoken==0.14.0
    # via
    #   -r requirements.txt
    #   langchain-openai
tls-client==1.0.1
    # via -r requirements.txt
truststore==0.10.4 ; sys_platform != 'emscripten'
    # via
    #   httpcore2
    #   httpx2
typer==0.27.2
    # via agentql
types-protobuf==7.35.1.20260906
    # via temporalio
typing-extensions==4.16.0
    # via
    #   agentql
    #   aiohttp
    #   aiosignal
    #   alembic
    #   anthropic
    #   anyio
    #   beautifulsoup4
    #   bubus
    #   cdp-use
    #   fastapi
    #   google-genai
    #   groq
    #   grpcio
    #   httpx2
    #   langchain-core
    #   langchain-protocol
    #   langsmith
    #   limits
    #   mcp
    #   nexus-rpc
    #   openai
    #   opentelemetry-api
    #   posthog
    #   psycopg
    #   psycopg-pool
    #   pydantic
    #   pydantic-core
    #   pyee
    #   pytest-asyncio
    #   python-docx
    #   referencing
    #   resend
    #   sqlalchemy
    #   starlette
    #   temporalio
    #   typing-inspection
typing-inspection==0.4.4
    # via
    #   fastapi
    #   mcp
    #   pydantic
    #   pydantic-settings
tzdata==2026.4
    # via
    #   pandas
    #   psycopg
uritemplate==4.2.0
    # via google-api-python-client
urllib3==2.8.0
    # via requests
uuid-utils==0.17.1
    # via
    #   langchain-core
    #   langsmith
uuid7==0.1.0
    # via
    #   -r requirements.txt
    #   bubus
uvicorn==0.54.0
    # via
    #   -r requirements.txt
    #   mcp
uvloop==0.23.0 ; platform_python_implementation != 'PyPy' and sys_platform != 'cygwin' and sys_platform != 'win32'
    # via uvicorn
watchfiles==1.3.0
    # via uvicorn
wcwidth==0.9.1
    # via prompt-toolkit
websockets==16.1.1
    # via
    #   cdp-use
    #   google-genai
    #   langgraph-sdk
    #   langsmith
    #   uvicorn
wrapt==2.5.0
    # via deprecated
xxhash==4.0.1
    # via
    #   langgraph
    #   langsmith
yarl==1.25.1
    # via aiohttp
youtube-search-python==1.6.6
    # via -r requirements.txt
zstandard==0.25.0
    # via langsmith
